
Microsoft Visual Studio Solution File, Format Version 12.00
# Visual Studio Version 17
VisualStudioVersion = 17.2.32516.85
MinimumVisualStudioVersion = 10.0.40219.1
Project("{9A19103F-16F7-4668-BE54-9A1E7A4F7556}") = "SeleniumAutoFramework", "SeleniumAutoFramework\SeleniumAutoFramework.csproj", "{6D19D7E2-D62E-4301-B20B-FB216352A297}"
EndProject
Project("{9A19103F-16F7-4668-BE54-9A1E7A4F7556}") = "SaleForce3", "SalesForce3\SaleForce3.csproj", "{F8B5E580-DCFB-43B3-8BE8-3A825A37DE86}"
EndProject
Global
	GlobalSection(SolutionConfigurationPlatforms) = preSolution
		Debug|Any CPU = Debug|Any CPU
		Release|Any CPU = Release|Any CPU
	EndGlobalSection
	GlobalSection(ProjectConfigurationPlatforms) = postSolution
		{6D19D7E2-D62E-4301-B20B-FB216352A297}.Debug|Any CPU.ActiveCfg = Debug|Any CPU
		{6D19D7E2-D62E-4301-B20B-FB216352A297}.Debug|Any CPU.Build.0 = Debug|Any CPU
		{6D19D7E2-D62E-4301-B20B-FB216352A297}.Release|Any CPU.ActiveCfg = Release|Any CPU
		{6D19D7E2-D62E-4301-B20B-FB216352A297}.Release|Any CPU.Build.0 = Release|Any CPU
		{F8B5E580-DCFB-43B3-8BE8-3A825A37DE86}.Debug|Any CPU.ActiveCfg = Debug|Any CPU
		{F8B5E580-DCFB-43B3-8BE8-3A825A37DE86}.Debug|Any CPU.Build.0 = Debug|Any CPU
		{F8B5E580-DCFB-43B3-8BE8-3A825A37DE86}.Release|Any CPU.ActiveCfg = Release|Any CPU
		{F8B5E580-DCFB-43B3-8BE8-3A825A37DE86}.Release|Any CPU.Build.0 = Release|Any CPU
	EndGlobalSection
	GlobalSection(SolutionProperties) = preSolution
		HideSolutionNode = FALSE
	EndGlobalSection
	GlobalSection(ExtensibilityGlobals) = postSolution
		SolutionGuid = {0DB09366-A77F-41D6-ADF5-291EE087BC16}
	EndGlobalSection
EndGlobal
